// !$*UTF8*$!
{
	archiveVersion = 1;
	classes = {
	};
	objectVersion = 46;
	objects = {

/* Begin PBXBuildFile section */
		342F0B1E1C93A86700735487 /* GGGallery.m in Sources */ = {isa = PBXBuildFile; fileRef = 342F0B1D1C93A86700735487 /* GGGallery.m */; };
		342F0B3D1C93B87100735487 /* 0.jpg in Resources */ = {isa = PBXBuildFile; fileRef = 342F0B371C93B87100735487 /* 0.jpg */; };
		342F0B3E1C93B87100735487 /* 1.jpg in Resources */ = {isa = PBXBuildFile; fileRef = 342F0B381C93B87100735487 /* 1.jpg */; };
		342F0B3F1C93B87100735487 /* 2.jpg in Resources */ = {isa = PBXBuildFile; fileRef = 342F0B391C93B87100735487 /* 2.jpg */; };
		342F0B401C93B87100735487 /* 3.jpg in Resources */ = {isa = PBXBuildFile; fileRef = 342F0B3A1C93B87100735487 /* 3.jpg */; };
		342F0B411C93B87100735487 /* 4.jpg in Resources */ = {isa = PBXBuildFile; fileRef = 342F0B3B1C93B87100735487 /* 4.jpg */; };
		342F0B421C93B87100735487 /* 5.jpg in Resources */ = {isa = PBXBuildFile; fileRef = 342F0B3C1C93B87100735487 /* 5.jpg */; };
		34A591AE1C92FB76002C438E /* main.m in Sources */ = {isa = PBXBuildFile; fileRef = 34A591AD1C92FB76002C438E /* main.m */; };
		34A591B11C92FB76002C438E /* AppDelegate.m in Sources */ = {isa = PBXBuildFile; fileRef = 34A591B01C92FB76002C438E /* AppDelegate.m */; };
		34A591B41C92FB76002C438E /* ViewController.m in Sources */ = {isa = PBXBuildFile; fileRef = 34A591B31C92FB76002C438E /* ViewController.m */; };
		34A591B71C92FB76002C438E /* Main.storyboard in Resources */ = {isa = PBXBuildFile; fileRef = 34A591B51C92FB76002C438E /* Main.storyboard */; };
		34A591B91C92FB76002C438E /* Assets.xcassets in Resources */ = {isa = PBXBuildFile; fileRef = 34A591B81C92FB76002C438E /* Assets.xcassets */; };
		34A591BC1C92FB76002C438E /* LaunchScreen.storyboard in Resources */ = {isa = PBXBuildFile; fileRef = 34A591BA1C92FB76002C438E /* LaunchScreen.storyboard */; };
/* End PBXBuildFile section */

/* Begin PBXFileReference section */
		342F0B1C1C93A86700735487 /* GGGallery.h */ = {isa = PBXFileReference; fileEncoding = 4; lastKnownFileType = sourcecode.c.h; path = GGGallery.h; sourceTree = "<group>"; };
		342F0B1D1C93A86700735487 /* GGGallery.m */ = {isa = PBXFileReference; fileEncoding = 4; lastKnownFileType = sourcecode.c.objc; path = GGGallery.m; sourceTree = "<group>"; };
		342F0B371C93B87100735487 /* 0.jpg */ = {isa = PBXFileReference; lastKnownFileType = image.jpeg; path = 0.jpg; sourceTree = "<group>"; };
		342F0B381C93B87100735487 /* 1.jpg */ = {isa = PBXFileReference; lastKnownFileType = image.jpeg; path = 1.jpg; sourceTree = "<group>"; };
		342F0B391C93B87100735487 /* 2.jpg */ = {isa = PBXFileReference; lastKnownFileType = image.jpeg; path = 2.jpg; sourceTree = "<group>"; };
		342F0B3A1C93B87100735487 /* 3.jpg */ = {isa = PBXFileReference; lastKnownFileType = image.jpeg; path = 3.jpg; sourceTree = "<group>"; };
		342F0B3B1C93B87100735487 /* 4.jpg */ = {isa = PBXFileReference; lastKnownFileType = image.jpeg; path = 4.jpg; sourceTree = "<group>"; };
		342F0B3C1C93B87100735487 /* 5.jpg */ = {isa = PBXFileReference; lastKnownFileType = image.jpeg; path = 5.jpg; sourceTree = "<group>"; };
		3471BEBF1C942D09006DC016 /* ScreenFlow.mp4 */ = {isa = PBXFileReference; lastKnownFileType = file; path = ScreenFlow.mp4; sourceTree = "<group>"; };
		34A591A91C92FB76002C438E /* GGGallery.app */ = {isa = PBXFileReference; explicitFileType = wrapper.application; includeInIndex = 0; path = GGGallery.app; sourceTree = BUILT_PRODUCTS_DIR; };
		34A591AD1C92FB76002C438E /* main.m */ = {isa = PBXFileReference; lastKnownFileType = sourcecode.c.objc; path = main.m; sourceTree = "<group>"; };
		34A591AF1C92FB76002C438E /* AppDelegate.h */ = {isa = PBXFileReference; lastKnownFileType = sourcecode.c.h; path = AppDelegate.h; sourceTree = "<group>"; };
		34A591B01C92FB76002C438E /* AppDelegate.m */ = {isa = PBXFileReference; lastKnownFileType = sourcecode.c.objc; path = AppDelegate.m; sourceTree = "<group>"; };
		34A591B21C92FB76002C438E /* ViewController.h */ = {isa = PBXFileReference; lastKnownFileType = sourcecode.c.h; path = ViewController.h; sourceTree = "<group>"; };
		34A591B31C92FB76002C438E /* ViewController.m */ = {isa = PBXFileReference; lastKnownFileType = sourcecode.c.objc; path = ViewController.m; sourceTree = "<group>"; };
		34A591B61C92FB76002C438E /* Base */ = {isa = PBXFileReference; lastKnownFileType = file.storyboard; name = Base; path = Base.lproj/Main.storyboard; sourceTree = "<group>"; };
		34A591B81C92FB76002C438E /* Assets.xcassets */ = {isa = PBXFileReference; lastKnownFileType = folder.assetcatalog; path = Assets.xcassets; sourceTree = "<group>"; };
		34A591BB1C92FB76002C438E /* Base */ = {isa = PBXFileReference; lastKnownFileType = file.storyboard; name = Base; path = Base.lproj/LaunchScreen.storyboard; sourceTree = "<group>"; };
		34A591BD1C92FB76002C438E /* Info.plist */ = {isa = PBXFileReference; lastKnownFileType = text.plist.xml; path = Info.plist; sourceTree = "<group>"; };
/* End PBXFileReference section */

/* Begin PBXFrameworksBuildPhase section */
		34A591A61C92FB76002C438E /* Frameworks */ = {
			isa = PBXFrameworksBuildPhase;
			buildActionMask = 2147483647;
			files = (
			);
			runOnlyForDeploymentPostprocessing = 0;
		};
/* End PBXFrameworksBuildPhase section */

/* Begin PBXGroup section */
		342F0B1B1C93A81E00735487 /* GGGallery */ = {
			isa = PBXGroup;
			children = (
				342F0B1C1C93A86700735487 /* GGGallery.h */,
				342F0B1D1C93A86700735487 /* GGGallery.m */,
			);
			path = GGGallery;
			sourceTree = "<group>";
		};
		342F0B361C93B87100735487 /* images */ = {
			isa = PBXGroup;
			children = (
				342F0B371C93B87100735487 /* 0.jpg */,
				342F0B381C93B87100735487 /* 1.jpg */,
				342F0B391C93B87100735487 /* 2.jpg */,
				342F0B3A1C93B87100735487 /* 3.jpg */,
				342F0B3B1C93B87100735487 /* 4.jpg */,
				342F0B3C1C93B87100735487 /* 5.jpg */,
			);
			path = images;
			sourceTree = "<group>";
		};
		34A591A01C92FB76002C438E = {
			isa = PBXGroup;
			children = (
				34A591AB1C92FB76002C438E /* GGGallery */,
				34A591AA1C92FB76002C438E /* Products */,
			);
			sourceTree = "<group>";
		};
		34A591AA1C92FB76002C438E /* Products */ = {
			isa = PBXGroup;
			children = (
				34A591A91C92FB76002C438E /* GGGallery.app */,
			);
			name = Products;
			sourceTree = "<group>";
		};
		34A591AB1C92FB76002C438E /* GGGallery */ = {
			isa = PBXGroup;
			children = (
				3471BEBF1C942D09006DC016 /* ScreenFlow.mp4 */,
				342F0B361C93B87100735487 /* images */,
				342F0B1B1C93A81E00735487 /* GGGallery */,
				34A591AF1C92FB76002C438E /* AppDelegate.h */,
				34A591B01C92FB76002C438E /* AppDelegate.m */,
				34A591B21C92FB76002C438E /* ViewController.h */,
				34A591B31C92FB76002C438E /* ViewController.m */,
				34A591B51C92FB76002C438E /* Main.storyboard */,
				34A591B81C92FB76002C438E /* Assets.xcassets */,
				34A591BA1C92FB76002C438E /* LaunchScreen.storyboard */,
				34A591BD1C92FB76002C438E /* Info.plist */,
				34A591AC1C92FB76002C438E /* Supporting Files */,
			);
			path = GGGallery;
			sourceTree = "<group>";
		};
		34A591AC1C92FB76002C438E /* Supporting Files */ = {
			isa = PBXGroup;
			children = (
				34A591AD1C92FB76002C438E /* main.m */,
			);
			name = "Supporting Files";
			sourceTree = "<group>";
		};
/* End PBXGroup section */

/* Begin PBXNativeTarget section */
		34A591A81C92FB76002C438E /* GGGallery */ = {
			isa = PBXNativeTarget;
			buildConfigurationList = 34A591C01C92FB76002C438E /* Build configuration list for PBXNativeTarget "GGGallery" */;
			buildPhases = (
				34A591A51C92FB76002C438E /* Sources */,
				34A591A61C92FB76002C438E /* Frameworks */,
				34A591A71C92FB76002C438E /* Resources */,
			);
			buildRules = (
			);
			dependencies = (
			);
			name = GGGallery;
			productName = GGGallery;
			productReference = 34A591A91C92FB76002C438E /* GGGallery.app */;
			productType = "com.apple.product-type.application";
		};
/* End PBXNativeTarget section */

/* Begin PBXProject section */
		34A591A11C92FB76002C438E /* Project object */ = {
			isa = PBXProject;
			attributes = {
				LastUpgradeCheck = 0720;
				ORGANIZATIONNAME = HZNU;
				TargetAttributes = {
					34A591A81C92FB76002C438E = {
						CreatedOnToolsVersion = 7.2.1;
					};
				};
			};
			buildConfigurationList = 34A591A41C92FB76002C438E /* Build configuration list for PBXProject "GGGallery" */;
			compatibilityVersion = "Xcode 3.2";
			developmentRegion = English;
			hasScannedForEncodings = 0;
			knownRegions = (
				en,
				Base,
			);
			mainGroup = 34A591A01C92FB76002C438E;
			productRefGroup = 34A591AA1C92FB76002C438E /* Products */;
			projectDirPath = "";
			projectRoot = "";
			targets = (
				34A591A81C92FB76002C438E /* GGGallery */,
			);
		};
/* End PBXProject section */

/* Begin PBXResourcesBuildPhase section */
		34A591A71C92FB76002C438E /* Resources */ = {
			isa = PBXResourcesBuildPhase;
			buildActionMask = 2147483647;
			files = (
				342F0B411C93B87100735487 /* 4.jpg in Resources */,
				342F0B3F1C93B87100735487 /* 2.jpg in Resources */,
				342F0B3D1C93B87100735487 /* 0.jpg in Resources */,
				342F0B421C93B87100735487 /* 5.jpg in Resources */,
				34A591BC1C92FB76002C438E /* LaunchScreen.storyboard in Resources */,
				34A591B91C92FB76002C438E /* Assets.xcassets in Resources */,
				34A591B71C92FB76002C438E /* Main.storyboard in Resources */,
				342F0B401C93B87100735487 /* 3.jpg in Resources */,
				342F0B3E1C93B87100735487 /* 1.jpg in Resources */,
			);
			runOnlyForDeploymentPostprocessing = 0;
		};
/* End PBXResourcesBuildPhase section */

/* Begin PBXSourcesBuildPhase section */
		34A591A51C92FB76002C438E /* Sources */ = {
			isa = PBXSourcesBuildPhase;
			buildActionMask = 2147483647;
			files = (
				342F0B1E1C93A86700735487 /* GGGallery.m in Sources */,
				34A591B41C92FB76002C438E /* ViewController.m in Sources */,
				34A591B11C92FB76002C438E /* AppDelegate.m in Sources */,
				34A591AE1C92FB76002C438E /* main.m in Sources */,
			);
			runOnlyForDeploymentPostprocessing = 0;
		};
/* End PBXSourcesBuildPhase section */

/* Begin PBXVariantGroup section */
		34A591B51C92FB76002C438E /* Main.storyboard */ = {
			isa = PBXVariantGroup;
			children = (
				34A591B61C92FB76002C438E /* Base */,
			);
			name = Main.storyboard;
			sourceTree = "<group>";
		};
		34A591BA1C92FB76002C438E /* LaunchScreen.storyboard */ = {
			isa = PBXVariantGroup;
			children = (
				34A591BB1C92FB76002C438E /* Base */,
			);
			name = LaunchScreen.storyboard;
			sourceTree = "<group>";
		};
/* End PBXVariantGroup section */

/* Begin XCBuildConfiguration section */
		34A591BE1C92FB76002C438E /* Debug */ = {
			isa = XCBuildConfiguration;
			buildSettings = {
				ALWAYS_SEARCH_USER_PATHS = NO;
				CLANG_CXX_LANGUAGE_STANDARD = "gnu++0x";
				CLANG_CXX_LIBRARY = "libc++";
				CLANG_ENABLE_MODULES = YES;
				CLANG_ENABLE_OBJC_ARC = YES;
				CLANG_WARN_BOOL_CONVERSION = YES;
				CLANG_WARN_CONSTANT_CONVERSION = YES;
				CLANG_WARN_DIRECT_OBJC_ISA_USAGE = YES_ERROR;
				CLANG_WARN_EMPTY_BODY = YES;
				CLANG_WARN_ENUM_CONVERSION = YES;
				CLANG_WARN_INT_CONVERSION = YES;
				CLANG_WARN_OBJC_ROOT_CLASS = YES_ERROR;
				CLANG_WARN_UNREACHABLE_CODE = YES;
				CLANG_WARN__DUPLICATE_METHOD_MATCH = YES;
				"CODE_SIGN_IDENTITY[sdk=iphoneos*]" = "iPhone Developer";
				COPY_PHASE_STRIP = NO;
				DEBUG_INFORMATION_FORMAT = dwarf;
				ENABLE_STRICT_OBJC_MSGSEND = YES;
				ENABLE_TESTABILITY = YES;
				GCC_C_LANGUAGE_STANDARD = gnu99;
				GCC_DYNAMIC_NO_PIC = NO;
				GCC_NO_COMMON_BLOCKS = YES;
				GCC_OPTIMIZATION_LEVEL = 0;
				GCC_PREPROCESSOR_DEFINITIONS = (
					"DEBUG=1",
					"$(inherited)",
				);
				GCC_WARN_64_TO_32_BIT_CONVERSION = YES;
				GCC_WARN_ABOUT_RETURN_TYPE = YES_ERROR;
				GCC_WARN_UNDECLARED_SELECTOR = YES;
				GCC_WARN_UNINITIALIZED_AUTOS = YES_AGGRESSIVE;
				GCC_WARN_UNUSED_FUNCTION = YES;
				GCC_WARN_UNUSED_VARIABLE = YES;
				IPHONEOS_DEPLOYMENT_TARGET = 9.2;
				MTL_ENABLE_DEBUG_INFO = YES;
				ONLY_ACTIVE_ARCH = YES;
				SDKROOT = iphoneos;
			};
			name = Debug;
		};
		34A591BF1C92FB76002C438E /* Release */ = {
			isa = XCBuildConfiguration;
			buildSettings = {
				ALWAYS_SEARCH_USER_PATHS = NO;
				CLANG_CXX_LANGUAGE_STANDARD = "gnu++0x";
				CLANG_CXX_LIBRARY = "libc++";
				CLANG_ENABLE_MODULES = YES;
				CLANG_ENABLE_OBJC_ARC = YES;
				CLANG_WARN_BOOL_CONVERSION = YES;
				CLANG_WARN_CONSTANT_CONVERSION = YES;
				CLANG_WARN_DIRECT_OBJC_ISA_USAGE = YES_ERROR;
				CLANG_WARN_EMPTY_BODY = YES;
				CLANG_WARN_ENUM_CONVERSION = YES;
				CLANG_WARN_INT_CONVERSION = YES;
				CLANG_WARN_OBJC_ROOT_CLASS = YES_ERROR;
				CLANG_WARN_UNREACHABLE_CODE = YES;
				CLANG_WARN__DUPLICATE_METHOD_MATCH = YES;
				"CODE_SIGN_IDENTITY[sdk=iphoneos*]" = "iPhone Developer";
				COPY_PHASE_STRIP = NO;
				DEBUG_INFORMATION_FORMAT = "dwarf-with-dsym";
				ENABLE_NS_ASSERTIONS = NO;
				ENABLE_STRICT_OBJC_MSGSEND = YES;
				GCC_C_LANGUAGE_STANDARD = gnu99;
				GCC_NO_COMMON_BLOCKS = YES;
				GCC_WARN_64_TO_32_BIT_CONVERSION = YES;
				GCC_WARN_ABOUT_RETURN_TYPE = YES_ERROR;
				GCC_WARN_UNDECLARED_SELECTOR = YES;
				GCC_WARN_UNINITIALIZED_AUTOS = YES_AGGRESSIVE;
				GCC_WARN_UNUSED_FUNCTION = YES;
				GCC_WARN_UNUSED_VARIABLE = YES;
				IPHONEOS_DEPLOYMENT_TARGET = 9.2;
				MTL_ENABLE_DEBUG_INFO = NO;
				SDKROOT = iphoneos;
				VALIDATE_PRODUCT = YES;
			};
			name = Release;
		};
		34A591C11C92FB76002C438E /* Debug */ = {
			isa = XCBuildConfiguration;
			buildSettings = {
				ASSETCATALOG_COMPILER_APPICON_NAME = AppIcon;
				INFOPLIST_FILE = GGGallery/Info.plist;
				LD_RUNPATH_SEARCH_PATHS = "$(inherited) @executable_path/Frameworks";
				PRODUCT_BUNDLE_IDENTIFIER = com.hznu.GGGallery;
				PRODUCT_NAME = "$(TARGET_NAME)";
			};
			name = Debug;
		};
		34A591C21C92FB76002C438E /* Release */ = {
			isa = XCBuildConfiguration;
			buildSettings = {
				ASSETCATALOG_COMPILER_APPICON_NAME = AppIcon;
				INFOPLIST_FILE = GGGallery/Info.plist;
				LD_RUNPATH_SEARCH_PATHS = "$(inherited) @executable_path/Frameworks";
				PRODUCT_BUNDLE_IDENTIFIER = com.hznu.GGGallery;
				PRODUCT_NAME = "$(TARGET_NAME)";
			};
			name = Release;
		};
/* End XCBuildConfiguration section */

/* Begin XCConfigurationList section */
		34A591A41C92FB76002C438E /* Build configuration list for PBXProject "GGGallery" */ = {
			isa = XCConfigurationList;
			buildConfigurations = (
				34A591BE1C92FB76002C438E /* Debug */,
				34A591BF1C92FB76002C438E /* Release */,
			);
			defaultConfigurationIsVisible = 0;
			defaultConfigurationName = Release;
		};
		34A591C01C92FB76002C438E /* Build configuration list for PBXNativeTarget "GGGallery" */ = {
			isa = XCConfigurationList;
			buildConfigurations = (
				34A591C11C92FB76002C438E /* Debug */,
				34A591C21C92FB76002C438E /* Release */,
			);
			defaultConfigurationIsVisible = 0;
			defaultConfigurationName = Release;
		};
/* End XCConfigurationList section */
	};
	rootObject = 34A591A11C92FB76002C438E /* Project object */;
}
